
Microsoft Visual Studio Solution File, Format Version 12.00
# Visual Studio Version 17
VisualStudioVersion = 17.2.32602.215
MinimumVisualStudioVersion = 10.0.40219.1
Project("{FAE04EC0-301F-11D3-BF4B-00C04F79EFBC}") = "Objective_1", "Objective_1.csproj", "{3B93F32A-1C00-4087-BD9A-9EA45A024ACD}"
EndProject
Global
	GlobalSection(SolutionConfigurationPlatforms) = preSolution
		Debug|Any CPU = Debug|Any CPU
		Release|Any CPU = Release|Any CPU
	EndGlobalSection
	GlobalSection(ProjectConfigurationPlatforms) = postSolution
		{3B93F32A-1C00-4087-BD9A-9EA45A024ACD}.Debug|Any CPU.ActiveCfg = Debug|Any CPU
		{3B93F32A-1C00-4087-BD9A-9EA45A024ACD}.Debug|Any CPU.Build.0 = Debug|Any CPU
		{3B93F32A-1C00-4087-BD9A-9EA45A024ACD}.Release|Any CPU.ActiveCfg = Release|Any CPU
		{3B93F32A-1C00-4087-BD9A-9EA45A024ACD}.Release|Any CPU.Build.0 = Release|Any CPU
	EndGlobalSection
	GlobalSection(SolutionProperties) = preSolution
		HideSolutionNode = FALSE
	EndGlobalSection
	GlobalSection(ExtensibilityGlobals) = postSolution
		SolutionGuid = {D5A8B446-A826-4AF1-B514-B6E2305303C4}
	EndGlobalSection
EndGlobal
